{
  "name": "src",
  "version": "1.0.0",
  "lockfileVersion": 1,
  "requires": true,
  "dependencies": {
    "bootstrap": {
      "version": "3.4.1",
      "resolved": "http://r.cnpmjs.org/bootstrap/download/bootstrap-3.4.1.tgz",
      "integrity": "sha1-w6NH1Bniia0R9AM+PEEyuHwIHXI="
    },
    "charenc": {
      "version": "0.0.2",
      "resolved": "http://r.cnpmjs.org/charenc/download/charenc-0.0.2.tgz",
      "integrity": "sha1-wKHS86cJLgN3S/qD8UwPxXkKhmc="
    },
    "crypt": {
      "version": "0.0.2",
      "resolved": "http://r.cnpmjs.org/crypt/download/crypt-0.0.2.tgz",
      "integrity": "sha1-iNf/fsDfuG9xPch7u0LQRNPmxBs="
    },
    "jquery-lazyload": {
      "version": "1.9.7",
      "resolved": "http://r.cnpmjs.org/jquery-lazyload/download/jquery-lazyload-1.9.7.tgz",
      "integrity": "sha1-mYKziMUzwLYRIUs8WqoLn+3gcfc="
    },
    "requirejs": {
      "version": "2.3.6",
      "resolved": "http://r.cnpmjs.org/requirejs/download/requirejs-2.3.6.tgz",
      "integrity": "sha1-5Qk9lgHCgpJRJYwLlEXU0Z+p58k="
    },
    "sha1": {
      "version": "1.1.1",
      "resolved": "http://r.cnpmjs.org/sha1/download/sha1-1.1.1.tgz",
      "integrity": "sha1-rdqnqTFo85PxnrKxUJFhjicA+Eg=",
      "requires": {
        "charenc": ">= 0.0.1",
        "crypt": ">= 0.0.1"
      }
    }
  }
}
